
Microsoft Visual Studio Solution File, Format Version 12.00
# Visual Studio Version 16
VisualStudioVersion = 16.0.32126.315
MinimumVisualStudioVersion = 10.0.40219.1
Project("{FAE04EC0-301F-11D3-BF4B-00C04F79EFBC}") = "SalesWebMVC", "SalesWebMVC\SalesWebMVC.csproj", "{A957F898-D43F-4CCA-AD34-7C9638A5CAA4}"
EndProject
Global
	GlobalSection(SolutionConfigurationPlatforms) = preSolution
		Debug|Any CPU = Debug|Any CPU
		Release|Any CPU = Release|Any CPU
	EndGlobalSection
	GlobalSection(ProjectConfigurationPlatforms) = postSolution
		{A957F898-D43F-4CCA-AD34-7C9638A5CAA4}.Debug|Any CPU.ActiveCfg = Debug|Any CPU
		{A957F898-D43F-4CCA-AD34-7C9638A5CAA4}.Debug|Any CPU.Build.0 = Debug|Any CPU
		{A957F898-D43F-4CCA-AD34-7C9638A5CAA4}.Release|Any CPU.ActiveCfg = Release|Any CPU
		{A957F898-D43F-4CCA-AD34-7C9638A5CAA4}.Release|Any CPU.Build.0 = Release|Any CPU
	EndGlobalSection
	GlobalSection(SolutionProperties) = preSolution
		HideSolutionNode = FALSE
	EndGlobalSection
	GlobalSection(ExtensibilityGlobals) = postSolution
		SolutionGuid = {7BBEFF43-26B2-46E1-9965-9BBCD2965078}
	EndGlobalSection
EndGlobal
